// !$*UTF8*$!
{
	archiveVersion = 1;
	classes = {
	};
	objectVersion = 46;
	objects = {

/* Begin PBXBuildFile section */
		3B01F9B71CD482D900869046 /* tool_note.png in Resources */ = {isa = PBXBuildFile; fileRef = 3B01F9B61CD482D900869046 /* tool_note.png */; };
		3B01F9C31CD4864000869046 /* SLBaseViewController.m in Sources */ = {isa = PBXBuildFile; fileRef = 3B01F9BB1CD4864000869046 /* SLBaseViewController.m */; };
		3B01F9C41CD4864000869046 /* SLCustomTabbarViewController.m in Sources */ = {isa = PBXBuildFile; fileRef = 3B01F9BD1CD4864000869046 /* SLCustomTabbarViewController.m */; };
		3B01F9C51CD4864000869046 /* SLNavigationViewController.m in Sources */ = {isa = PBXBuildFile; fileRef = 3B01F9BF1CD4864000869046 /* SLNavigationViewController.m */; };
		3B01F9C61CD4864000869046 /* SLWebViewController.m in Sources */ = {isa = PBXBuildFile; fileRef = 3B01F9C11CD4864000869046 /* SLWebViewController.m */; };
		3B01F9C91CD4865700869046 /* SLDateLabel.m in Sources */ = {isa = PBXBuildFile; fileRef = 3B01F9C81CD4865700869046 /* SLDateLabel.m */; };
		3B7047E81CD4895300FB977E /* SLMonthBill.m in Sources */ = {isa = PBXBuildFile; fileRef = 3B7047E71CD4895300FB977E /* SLMonthBill.m */; };
		3B7047EB1CD4916100FB977E /* note_add.png in Resources */ = {isa = PBXBuildFile; fileRef = 3B7047EA1CD4916100FB977E /* note_add.png */; };
		3B7047EE1CD494BD00FB977E /* SLNoteCell.m in Sources */ = {isa = PBXBuildFile; fileRef = 3B7047ED1CD494BD00FB977E /* SLNoteCell.m */; };
		3B7047F11CD98E2C00FB977E /* SLAddNoteViewController.m in Sources */ = {isa = PBXBuildFile; fileRef = 3B7047F01CD98E2C00FB977E /* SLAddNoteViewController.m */; };
		3B7047F51CD99B1B00FB977E /* SLNote.m in Sources */ = {isa = PBXBuildFile; fileRef = 3B7047F41CD99B1B00FB977E /* SLNote.m */; };
		3BB17C3D1CC7638200024581 /* main.m in Sources */ = {isa = PBXBuildFile; fileRef = 3BB17C3C1CC7638200024581 /* main.m */; };
		3BB17C401CC7638200024581 /* AppDelegate.m in Sources */ = {isa = PBXBuildFile; fileRef = 3BB17C3F1CC7638200024581 /* AppDelegate.m */; };
		3BB17C481CC7638200024581 /* Assets.xcassets in Resources */ = {isa = PBXBuildFile; fileRef = 3BB17C471CC7638200024581 /* Assets.xcassets */; };
		3BB17C4B1CC7638200024581 /* LaunchScreen.storyboard in Resources */ = {isa = PBXBuildFile; fileRef = 3BB17C491CC7638200024581 /* LaunchScreen.storyboard */; };
		3BB4DE201CCDB9CC001382D9 /* SLNoteViewController.m in Sources */ = {isa = PBXBuildFile; fileRef = 3BB4DE1F1CCDB9CC001382D9 /* SLNoteViewController.m */; };
		3BB4DE471CCDC353001382D9 /* SLRootMiddleViewController.m in Sources */ = {isa = PBXBuildFile; fileRef = 3BB4DE431CCDC353001382D9 /* SLRootMiddleViewController.m */; };
		3BB4DE481CCDC353001382D9 /* SLRootRightViewController.m in Sources */ = {isa = PBXBuildFile; fileRef = 3BB4DE461CCDC353001382D9 /* SLRootRightViewController.m */; };
		3BB4DE541CCDC41E001382D9 /* benefit_default_icon@2x.png in Resources */ = {isa = PBXBuildFile; fileRef = 3BB4DE4C1CCDC41E001382D9 /* benefit_default_icon@2x.png */; };
		3BB4DE551CCDC41E001382D9 /* benefit_press_icon@2x.png in Resources */ = {isa = PBXBuildFile; fileRef = 3BB4DE4D1CCDC41E001382D9 /* benefit_press_icon@2x.png */; };
		3BB4DE561CCDC41E001382D9 /* my_default_icon@2x.png in Resources */ = {isa = PBXBuildFile; fileRef = 3BB4DE4E1CCDC41E001382D9 /* my_default_icon@2x.png */; };
		3BB4DE571CCDC41E001382D9 /* my_press_icon@2x.png in Resources */ = {isa = PBXBuildFile; fileRef = 3BB4DE4F1CCDC41E001382D9 /* my_press_icon@2x.png */; };
		3BB4DE581CCDC41E001382D9 /* order_default_icon@2x.png in Resources */ = {isa = PBXBuildFile; fileRef = 3BB4DE501CCDC41E001382D9 /* order_default_icon@2x.png */; };
		3BB4DE591CCDC41E001382D9 /* order_press_icon@2x.png in Resources */ = {isa = PBXBuildFile; fileRef = 3BB4DE511CCDC41E001382D9 /* order_press_icon@2x.png */; };
		3BB4DE5A1CCDC41E001382D9 /* wash_default_icon@2x.png in Resources */ = {isa = PBXBuildFile; fileRef = 3BB4DE521CCDC41E001382D9 /* wash_default_icon@2x.png */; };
		3BB4DE5B1CCDC41E001382D9 /* wash_press_icon@2x.png in Resources */ = {isa = PBXBuildFile; fileRef = 3BB4DE531CCDC41E001382D9 /* wash_press_icon@2x.png */; };
		3BB4DE621CCDE8EA001382D9 /* jiqimao.png in Resources */ = {isa = PBXBuildFile; fileRef = 3BB4DE611CCDE8EA001382D9 /* jiqimao.png */; };
		3BB4DE671CCDEC1E001382D9 /* SLSettingViewController.m in Sources */ = {isa = PBXBuildFile; fileRef = 3BB4DE661CCDEC1E001382D9 /* SLSettingViewController.m */; };
		3BB4DE7D1CCDF8E8001382D9 /* SLRootLeftViewController.m in Sources */ = {isa = PBXBuildFile; fileRef = 3BB4DE7B1CCDF8E8001382D9 /* SLRootLeftViewController.m */; };
		3BB4DE831CCDFA0A001382D9 /* SLLineLayout.m in Sources */ = {isa = PBXBuildFile; fileRef = 3BB4DE821CCDFA0A001382D9 /* SLLineLayout.m */; };
		3BB4DE851CCDFD85001382D9 /* rightButton.png in Resources */ = {isa = PBXBuildFile; fileRef = 3BB4DE841CCDFD85001382D9 /* rightButton.png */; };
		3BBFC70E1CD3491E0053BEC1 /* SLJokeViewController.m in Sources */ = {isa = PBXBuildFile; fileRef = 3BBFC70D1CD3491E0053BEC1 /* SLJokeViewController.m */; };
		3BBFC7111CD349780053BEC1 /* SLJokeLogic.m in Sources */ = {isa = PBXBuildFile; fileRef = 3BBFC7101CD349780053BEC1 /* SLJokeLogic.m */; };
		3BBFC7141CD34CCE0053BEC1 /* SLJoke.m in Sources */ = {isa = PBXBuildFile; fileRef = 3BBFC7131CD34CCE0053BEC1 /* SLJoke.m */; };
		3BBFC7171CD34FCC0053BEC1 /* SLTextJokeCell.m in Sources */ = {isa = PBXBuildFile; fileRef = 3BBFC7161CD34FCC0053BEC1 /* SLTextJokeCell.m */; };
		3BBFC71A1CD34FDB0053BEC1 /* SLPicJokeCell.m in Sources */ = {isa = PBXBuildFile; fileRef = 3BBFC7191CD34FDB0053BEC1 /* SLPicJokeCell.m */; };
		3BEB6B571CCE0AE5006554FA /* SLButtonListView.m in Sources */ = {isa = PBXBuildFile; fileRef = 3BEB6B561CCE0AE5006554FA /* SLButtonListView.m */; };
		3BEB6B5A1CCE24A7006554FA /* SLRootLeftCell.m in Sources */ = {isa = PBXBuildFile; fileRef = 3BEB6B591CCE24A7006554FA /* SLRootLeftCell.m */; };
		3BEB6B6D1CCE2695006554FA /* GooeySlideMenu.m in Sources */ = {isa = PBXBuildFile; fileRef = 3BEB6B601CCE2695006554FA /* GooeySlideMenu.m */; };
		3BEB6B6E1CCE2695006554FA /* SlideMenuButton.m in Sources */ = {isa = PBXBuildFile; fileRef = 3BEB6B621CCE2695006554FA /* SlideMenuButton.m */; };
		3BEB6B6F1CCE2695006554FA /* SLCircleMenu.m in Sources */ = {isa = PBXBuildFile; fileRef = 3BEB6B651CCE2695006554FA /* SLCircleMenu.m */; };
		3BEB6B701CCE2695006554FA /* SLCircleMenuButton.m in Sources */ = {isa = PBXBuildFile; fileRef = 3BEB6B671CCE2695006554FA /* SLCircleMenuButton.m */; };
		3BEB6B711CCE2695006554FA /* SLCircleMenuLoader.m in Sources */ = {isa = PBXBuildFile; fileRef = 3BEB6B691CCE2695006554FA /* SLCircleMenuLoader.m */; };
		3BEB6B721CCE2695006554FA /* SLNetworking.m in Sources */ = {isa = PBXBuildFile; fileRef = 3BEB6B6C1CCE2695006554FA /* SLNetworking.m */; };
		3BEB6B751CCE26B0006554FA /* UILabel+Category.m in Sources */ = {isa = PBXBuildFile; fileRef = 3BEB6B741CCE26B0006554FA /* UILabel+Category.m */; };
		3BEB6B7A1CCE63FB006554FA /* SLIdCardViewController.m in Sources */ = {isa = PBXBuildFile; fileRef = 3BEB6B791CCE63FB006554FA /* SLIdCardViewController.m */; };
		3BEB6B7E1CCE68A8006554FA /* SLLoadingView.m in Sources */ = {isa = PBXBuildFile; fileRef = 3BEB6B7D1CCE68A8006554FA /* SLLoadingView.m */; };
		3BEB6B871CCE6AFA006554FA /* loading_1@2x.png in Resources */ = {isa = PBXBuildFile; fileRef = 3BEB6B801CCE6AFA006554FA /* loading_1@2x.png */; };
		3BEB6B881CCE6AFA006554FA /* loading_2@2x.png in Resources */ = {isa = PBXBuildFile; fileRef = 3BEB6B811CCE6AFA006554FA /* loading_2@2x.png */; };
		3BEB6B891CCE6AFA006554FA /* loading_3@2x.png in Resources */ = {isa = PBXBuildFile; fileRef = 3BEB6B821CCE6AFA006554FA /* loading_3@2x.png */; };
		3BEB6B8A1CCE6AFA006554FA /* loading_4@2x.png in Resources */ = {isa = PBXBuildFile; fileRef = 3BEB6B831CCE6AFA006554FA /* loading_4@2x.png */; };
		3BEB6B8B1CCE6AFA006554FA /* loading_5@2x.png in Resources */ = {isa = PBXBuildFile; fileRef = 3BEB6B841CCE6AFA006554FA /* loading_5@2x.png */; };
		3BEB6B8C1CCE6AFA006554FA /* loading_6@2x.png in Resources */ = {isa = PBXBuildFile; fileRef = 3BEB6B851CCE6AFA006554FA /* loading_6@2x.png */; };
		3BEB6B8D1CCE6AFA006554FA /* loadMore@2x.png in Resources */ = {isa = PBXBuildFile; fileRef = 3BEB6B861CCE6AFA006554FA /* loadMore@2x.png */; };
		3BEB6B901CCE70AB006554FA /* NSObject+Category.m in Sources */ = {isa = PBXBuildFile; fileRef = 3BEB6B8F1CCE70AB006554FA /* NSObject+Category.m */; };
		3BEB6B951CCF05C3006554FA /* SLNewsViewController.m in Sources */ = {isa = PBXBuildFile; fileRef = 3BEB6B941CCF05C3006554FA /* SLNewsViewController.m */; };
		3BEB6BAE1CCF127C006554FA /* SLNewsLogic.m in Sources */ = {isa = PBXBuildFile; fileRef = 3BEB6BAD1CCF127C006554FA /* SLNewsLogic.m */; };
		3BEB6BB11CCF1A60006554FA /* SLNews.m in Sources */ = {isa = PBXBuildFile; fileRef = 3BEB6BB01CCF1A60006554FA /* SLNews.m */; };
		3BEB6BB41CCF3A34006554FA /* SLNewsCell.m in Sources */ = {isa = PBXBuildFile; fileRef = 3BEB6BB31CCF3A34006554FA /* SLNewsCell.m */; };
		3BEB6BBA1CCF4617006554FA /* tool.plist in Resources */ = {isa = PBXBuildFile; fileRef = 3BEB6BB91CCF4617006554FA /* tool.plist */; };
		3BEB6BBE1CCF46C3006554FA /* SLRootLeftLogic.m in Sources */ = {isa = PBXBuildFile; fileRef = 3BEB6BBD1CCF46C3006554FA /* SLRootLeftLogic.m */; };
		3BEB6BF91CD0544E006554FA /* SLCalendarViewController.m in Sources */ = {isa = PBXBuildFile; fileRef = 3BEB6BF81CD0544E006554FA /* SLCalendarViewController.m */; };
		3BEB6BFD1CD05B07006554FA /* SLCalendarLogic.m in Sources */ = {isa = PBXBuildFile; fileRef = 3BEB6BFC1CD05B07006554FA /* SLCalendarLogic.m */; };
		3BEB6C011CD05D7B006554FA /* SLCalendar.m in Sources */ = {isa = PBXBuildFile; fileRef = 3BEB6C001CD05D7B006554FA /* SLCalendar.m */; };
		3BEB6C041CD063F3006554FA /* SLCalendarDetailViewController.m in Sources */ = {isa = PBXBuildFile; fileRef = 3BEB6C031CD063F3006554FA /* SLCalendarDetailViewController.m */; };
		3BEB6C521CD09640006554FA /* SystemConfiguration.framework in Frameworks */ = {isa = PBXBuildFile; fileRef = 3BEB6C511CD09640006554FA /* SystemConfiguration.framework */; };
		3BEB6C541CD09681006554FA /* libsqlite3.0.tbd in Frameworks */ = {isa = PBXBuildFile; fileRef = 3BEB6C531CD09681006554FA /* libsqlite3.0.tbd */; };
		3BEB6C561CD09697006554FA /* Security.framework in Frameworks */ = {isa = PBXBuildFile; fileRef = 3BEB6C551CD09697006554FA /* Security.framework */; };
		3BEB6C581CD096AA006554FA /* libiconv.2.4.0.tbd in Frameworks */ = {isa = PBXBuildFile; fileRef = 3BEB6C571CD096AA006554FA /* libiconv.2.4.0.tbd */; };
		3BEB6C5A1CD096BE006554FA /* CoreGraphics.framework in Frameworks */ = {isa = PBXBuildFile; fileRef = 3BEB6C591CD096BE006554FA /* CoreGraphics.framework */; };
		3BEB6C5C1CD096C8006554FA /* CoreTelephony.framework in Frameworks */ = {isa = PBXBuildFile; fileRef = 3BEB6C5B1CD096C8006554FA /* CoreTelephony.framework */; };
		3BEB6C5E1CD096D4006554FA /* libstdc++.6.0.9.tbd in Frameworks */ = {isa = PBXBuildFile; fileRef = 3BEB6C5D1CD096D4006554FA /* libstdc++.6.0.9.tbd */; };
		3BEB6C601CD0972E006554FA /* libz.1.2.5.tbd in Frameworks */ = {isa = PBXBuildFile; fileRef = 3BEB6C5F1CD0972E006554FA /* libz.1.2.5.tbd */; };
		3BEB6C631CD1A31B006554FA /* NSDate+Category.m in Sources */ = {isa = PBXBuildFile; fileRef = 3BEB6C621CD1A31B006554FA /* NSDate+Category.m */; };
		3BEB6C691CD21628006554FA /* SLDeliveryViewController.m in Sources */ = {isa = PBXBuildFile; fileRef = 3BEB6C681CD21628006554FA /* SLDeliveryViewController.m */; };
		3BEB6C701CD21700006554FA /* tool_express.png in Resources */ = {isa = PBXBuildFile; fileRef = 3BEB6C6F1CD21700006554FA /* tool_express.png */; };
		3BEB6C721CD2172A006554FA /* tool_idcard.png in Resources */ = {isa = PBXBuildFile; fileRef = 3BEB6C711CD2172A006554FA /* tool_idcard.png */; };
		3BEB6C741CD21745006554FA /* tool_news.png in Resources */ = {isa = PBXBuildFile; fileRef = 3BEB6C731CD21745006554FA /* tool_news.png */; };
		3BEB6C761CD21756006554FA /* tool_xiaohua.png in Resources */ = {isa = PBXBuildFile; fileRef = 3BEB6C751CD21756006554FA /* tool_xiaohua.png */; };
		3BEB6C781CD21985006554FA /* setting_button.png in Resources */ = {isa = PBXBuildFile; fileRef = 3BEB6C771CD21985006554FA /* setting_button.png */; };
		3BEB6C7C1CD21A62006554FA /* tool_calendar.png in Resources */ = {isa = PBXBuildFile; fileRef = 3BEB6C7B1CD21A62006554FA /* tool_calendar.png */; };
		6663CFF0CBA061FD72FFBFA1 /* libPods.a in Frameworks */ = {isa = PBXBuildFile; fileRef = 909E912C412EB06599FDE060 /* libPods.a */; };
/* End PBXBuildFile section */

/* Begin PBXFileReference section */
		12E7D9FD50A4C1968C753E67 /* Pods.debug.xcconfig */ = {isa = PBXFileReference; includeInIndex = 1; lastKnownFileType = text.xcconfig; name = Pods.debug.xcconfig; path = "Pods/Target Support Files/Pods/Pods.debug.xcconfig"; sourceTree = "<group>"; };
		3B01F9B61CD482D900869046 /* tool_note.png */ = {isa = PBXFileReference; lastKnownFileType = image.png; path = tool_note.png; sourceTree = "<group>"; };
		3B01F9BA1CD4864000869046 /* SLBaseViewController.h */ = {isa = PBXFileReference; fileEncoding = 4; lastKnownFileType = sourcecode.c.h; path = SLBaseViewController.h; sourceTree = "<group>"; };
		3B01F9BB1CD4864000869046 /* SLBaseViewController.m */ = {isa = PBXFileReference; fileEncoding = 4; lastKnownFileType = sourcecode.c.objc; path = SLBaseViewController.m; sourceTree = "<group>"; };
		3B01F9BC1CD4864000869046 /* SLCustomTabbarViewController.h */ = {isa = PBXFileReference; fileEncoding = 4; lastKnownFileType = sourcecode.c.h; path = SLCustomTabbarViewController.h; sourceTree = "<group>"; };
		3B01F9BD1CD4864000869046 /* SLCustomTabbarViewController.m */ = {isa = PBXFileReference; fileEncoding = 4; lastKnownFileType = sourcecode.c.objc; path = SLCustomTabbarViewController.m; sourceTree = "<group>"; };
		3B01F9BE1CD4864000869046 /* SLNavigationViewController.h */ = {isa = PBXFileReference; fileEncoding = 4; lastKnownFileType = sourcecode.c.h; path = SLNavigationViewController.h; sourceTree = "<group>"; };
		3B01F9BF1CD4864000869046 /* SLNavigationViewController.m */ = {isa = PBXFileReference; fileEncoding = 4; lastKnownFileType = sourcecode.c.objc; path = SLNavigationViewController.m; sourceTree = "<group>"; };
		3B01F9C01CD4864000869046 /* SLWebViewController.h */ = {isa = PBXFileReference; fileEncoding = 4; lastKnownFileType = sourcecode.c.h; path = SLWebViewController.h; sourceTree = "<group>"; };
		3B01F9C11CD4864000869046 /* SLWebViewController.m */ = {isa = PBXFileReference; fileEncoding = 4; lastKnownFileType = sourcecode.c.objc; path = SLWebViewController.m; sourceTree = "<group>"; };
		3B01F9C71CD4865700869046 /* SLDateLabel.h */ = {isa = PBXFileReference; fileEncoding = 4; lastKnownFileType = sourcecode.c.h; path = SLDateLabel.h; sourceTree = "<group>"; };
		3B01F9C81CD4865700869046 /* SLDateLabel.m */ = {isa = PBXFileReference; fileEncoding = 4; lastKnownFileType = sourcecode.c.objc; path = SLDateLabel.m; sourceTree = "<group>"; };
		3B7047E61CD4895300FB977E /* SLMonthBill.h */ = {isa = PBXFileReference; fileEncoding = 4; lastKnownFileType = sourcecode.c.h; path = SLMonthBill.h; sourceTree = "<group>"; };
		3B7047E71CD4895300FB977E /* SLMonthBill.m */ = {isa = PBXFileReference; fileEncoding = 4; lastKnownFileType = sourcecode.c.objc; path = SLMonthBill.m; sourceTree = "<group>"; };
		3B7047EA1CD4916100FB977E /* note_add.png */ = {isa = PBXFileReference; lastKnownFileType = image.png; path = note_add.png; sourceTree = "<group>"; };
		3B7047EC1CD494BD00FB977E /* SLNoteCell.h */ = {isa = PBXFileReference; fileEncoding = 4; lastKnownFileType = sourcecode.c.h; path = SLNoteCell.h; sourceTree = "<group>"; };
		3B7047ED1CD494BD00FB977E /* SLNoteCell.m */ = {isa = PBXFileReference; fileEncoding = 4; lastKnownFileType = sourcecode.c.objc; path = SLNoteCell.m; sourceTree = "<group>"; };
		3B7047EF1CD98E2C00FB977E /* SLAddNoteViewController.h */ = {isa = PBXFileReference; fileEncoding = 4; lastKnownFileType = sourcecode.c.h; path = SLAddNoteViewController.h; sourceTree = "<group>"; };
		3B7047F01CD98E2C00FB977E /* SLAddNoteViewController.m */ = {isa = PBXFileReference; fileEncoding = 4; lastKnownFileType = sourcecode.c.objc; path = SLAddNoteViewController.m; sourceTree = "<group>"; };
		3B7047F31CD99B1B00FB977E /* SLNote.h */ = {isa = PBXFileReference; fileEncoding = 4; lastKnownFileType = sourcecode.c.h; path = SLNote.h; sourceTree = "<group>"; };
		3B7047F41CD99B1B00FB977E /* SLNote.m */ = {isa = PBXFileReference; fileEncoding = 4; lastKnownFileType = sourcecode.c.objc; path = SLNote.m; sourceTree = "<group>"; };
		3BB17C381CC7638200024581 /* Saber Tool.app */ = {isa = PBXFileReference; explicitFileType = wrapper.application; includeInIndex = 0; path = "Saber Tool.app"; sourceTree = BUILT_PRODUCTS_DIR; };
		3BB17C3C1CC7638200024581 /* main.m */ = {isa = PBXFileReference; lastKnownFileType = sourcecode.c.objc; path = main.m; sourceTree = "<group>"; };
		3BB17C3E1CC7638200024581 /* AppDelegate.h */ = {isa = PBXFileReference; lastKnownFileType = sourcecode.c.h; path = AppDelegate.h; sourceTree = "<group>"; };
		3BB17C3F1CC7638200024581 /* AppDelegate.m */ = {isa = PBXFileReference; lastKnownFileType = sourcecode.c.objc; path = AppDelegate.m; sourceTree = "<group>"; };
		3BB17C471CC7638200024581 /* Assets.xcassets */ = {isa = PBXFileReference; lastKnownFileType = folder.assetcatalog; path = Assets.xcassets; sourceTree = "<group>"; };
		3BB17C4A1CC7638200024581 /* Base */ = {isa = PBXFileReference; lastKnownFileType = file.storyboard; name = Base; path = Base.lproj/LaunchScreen.storyboard; sourceTree = "<group>"; };
		3BB17C4C1CC7638200024581 /* Info.plist */ = {isa = PBXFileReference; lastKnownFileType = text.plist.xml; path = Info.plist; sourceTree = "<group>"; };
		3BB17C521CC8612B00024581 /* PrefixHeader.pch */ = {isa = PBXFileReference; lastKnownFileType = sourcecode.c.h; path = PrefixHeader.pch; sourceTree = "<group>"; };
		3BB4DE1E1CCDB9CC001382D9 /* SLNoteViewController.h */ = {isa = PBXFileReference; fileEncoding = 4; lastKnownFileType = sourcecode.c.h; path = SLNoteViewController.h; sourceTree = "<group>"; };
		3BB4DE1F1CCDB9CC001382D9 /* SLNoteViewController.m */ = {isa = PBXFileReference; fileEncoding = 4; lastKnownFileType = sourcecode.c.objc; path = SLNoteViewController.m; sourceTree = "<group>"; };
		3BB4DE421CCDC353001382D9 /* SLRootMiddleViewController.h */ = {isa = PBXFileReference; fileEncoding = 4; lastKnownFileType = sourcecode.c.h; path = SLRootMiddleViewController.h; sourceTree = "<group>"; };
		3BB4DE431CCDC353001382D9 /* SLRootMiddleViewController.m */ = {isa = PBXFileReference; fileEncoding = 4; lastKnownFileType = sourcecode.c.objc; path = SLRootMiddleViewController.m; sourceTree = "<group>"; };
		3BB4DE451CCDC353001382D9 /* SLRootRightViewController.h */ = {isa = PBXFileReference; fileEncoding = 4; lastKnownFileType = sourcecode.c.h; path = SLRootRightViewController.h; sourceTree = "<group>"; };
		3BB4DE461CCDC353001382D9 /* SLRootRightViewController.m */ = {isa = PBXFileReference; fileEncoding = 4; lastKnownFileType = sourcecode.c.objc; path = SLRootRightViewController.m; sourceTree = "<group>"; };
		3BB4DE4C1CCDC41E001382D9 /* benefit_default_icon@2x.png */ = {isa = PBXFileReference; lastKnownFileType = image.png; path = "benefit_default_icon@2x.png"; sourceTree = "<group>"; };
		3BB4DE4D1CCDC41E001382D9 /* benefit_press_icon@2x.png */ = {isa = PBXFileReference; lastKnownFileType = image.png; path = "benefit_press_icon@2x.png"; sourceTree = "<group>"; };
		3BB4DE4E1CCDC41E001382D9 /* my_default_icon@2x.png */ = {isa = PBXFileReference; lastKnownFileType = image.png; path = "my_default_icon@2x.png"; sourceTree = "<group>"; };
		3BB4DE4F1CCDC41E001382D9 /* my_press_icon@2x.png */ = {isa = PBXFileReference; lastKnownFileType = image.png; path = "my_press_icon@2x.png"; sourceTree = "<group>"; };
		3BB4DE501CCDC41E001382D9 /* order_default_icon@2x.png */ = {isa = PBXFileReference; lastKnownFileType = image.png; path = "order_default_icon@2x.png"; sourceTree = "<group>"; };
		3BB4DE511CCDC41E001382D9 /* order_press_icon@2x.png */ = {isa = PBXFileReference; lastKnownFileType = image.png; path = "order_press_icon@2x.png"; sourceTree = "<group>"; };
		3BB4DE521CCDC41E001382D9 /* wash_default_icon@2x.png */ = {isa = PBXFileReference; lastKnownFileType = image.png; path = "wash_default_icon@2x.png"; sourceTree = "<group>"; };
		3BB4DE531CCDC41E001382D9 /* wash_press_icon@2x.png */ = {isa = PBXFileReference; lastKnownFileType = image.png; path = "wash_press_icon@2x.png"; sourceTree = "<group>"; };
		3BB4DE611CCDE8EA001382D9 /* jiqimao.png */ = {isa = PBXFileReference; lastKnownFileType = image.png; path = jiqimao.png; sourceTree = "<group>"; };
		3BB4DE651CCDEC1E001382D9 /* SLSettingViewController.h */ = {isa = PBXFileReference; fileEncoding = 4; lastKnownFileType = sourcecode.c.h; path = SLSettingViewController.h; sourceTree = "<group>"; };
		3BB4DE661CCDEC1E001382D9 /* SLSettingViewController.m */ = {isa = PBXFileReference; fileEncoding = 4; lastKnownFileType = sourcecode.c.objc; path = SLSettingViewController.m; sourceTree = "<group>"; };
		3BB4DE7A1CCDF8E8001382D9 /* SLRootLeftViewController.h */ = {isa = PBXFileReference; fileEncoding = 4; lastKnownFileType = sourcecode.c.h; path = SLRootLeftViewController.h; sourceTree = "<group>"; };
		3BB4DE7B1CCDF8E8001382D9 /* SLRootLeftViewController.m */ = {isa = PBXFileReference; fileEncoding = 4; lastKnownFileType = sourcecode.c.objc; path = SLRootLeftViewController.m; sourceTree = "<group>"; };
		3BB4DE811CCDFA0A001382D9 /* SLLineLayout.h */ = {isa = PBXFileReference; fileEncoding = 4; lastKnownFileType = sourcecode.c.h; path = SLLineLayout.h; sourceTree = "<group>"; };
		3BB4DE821CCDFA0A001382D9 /* SLLineLayout.m */ = {isa = PBXFileReference; fileEncoding = 4; lastKnownFileType = sourcecode.c.objc; path = SLLineLayout.m; sourceTree = "<group>"; };
		3BB4DE841CCDFD85001382D9 /* rightButton.png */ = {isa = PBXFileReference; lastKnownFileType = image.png; path = rightButton.png; sourceTree = "<group>"; };
		3BBFC70C1CD3491E0053BEC1 /* SLJokeViewController.h */ = {isa = PBXFileReference; fileEncoding = 4; lastKnownFileType = sourcecode.c.h; path = SLJokeViewController.h; sourceTree = "<group>"; };
		3BBFC70D1CD3491E0053BEC1 /* SLJokeViewController.m */ = {isa = PBXFileReference; fileEncoding = 4; lastKnownFileType = sourcecode.c.objc; path = SLJokeViewController.m; sourceTree = "<group>"; };
		3BBFC70F1CD349780053BEC1 /* SLJokeLogic.h */ = {isa = PBXFileReference; fileEncoding = 4; lastKnownFileType = sourcecode.c.h; path = SLJokeLogic.h; sourceTree = "<group>"; };
		3BBFC7101CD349780053BEC1 /* SLJokeLogic.m */ = {isa = PBXFileReference; fileEncoding = 4; lastKnownFileType = sourcecode.c.objc; path = SLJokeLogic.m; sourceTree = "<group>"; };
		3BBFC7121CD34CCE0053BEC1 /* SLJoke.h */ = {isa = PBXFileReference; fileEncoding = 4; lastKnownFileType = sourcecode.c.h; path = SLJoke.h; sourceTree = "<group>"; };
		3BBFC7131CD34CCE0053BEC1 /* SLJoke.m */ = {isa = PBXFileReference; fileEncoding = 4; lastKnownFileType = sourcecode.c.objc; path = SLJoke.m; sourceTree = "<group>"; };
		3BBFC7151CD34FCC0053BEC1 /* SLTextJokeCell.h */ = {isa = PBXFileReference; fileEncoding = 4; lastKnownFileType = sourcecode.c.h; path = SLTextJokeCell.h; sourceTree = "<group>"; };
		3BBFC7161CD34FCC0053BEC1 /* SLTextJokeCell.m */ = {isa = PBXFileReference; fileEncoding = 4; lastKnownFileType = sourcecode.c.objc; path = SLTextJokeCell.m; sourceTree = "<group>"; };
		3BBFC7181CD34FDB0053BEC1 /* SLPicJokeCell.h */ = {isa = PBXFileReference; fileEncoding = 4; lastKnownFileType = sourcecode.c.h; path = SLPicJokeCell.h; sourceTree = "<group>"; };
		3BBFC7191CD34FDB0053BEC1 /* SLPicJokeCell.m */ = {isa = PBXFileReference; fileEncoding = 4; lastKnownFileType = sourcecode.c.objc; path = SLPicJokeCell.m; sourceTree = "<group>"; };
		3BEB6B551CCE0AE5006554FA /* SLButtonListView.h */ = {isa = PBXFileReference; fileEncoding = 4; lastKnownFileType = sourcecode.c.h; path = SLButtonListView.h; sourceTree = "<group>"; };
		3BEB6B561CCE0AE5006554FA /* SLButtonListView.m */ = {isa = PBXFileReference; fileEncoding = 4; lastKnownFileType = sourcecode.c.objc; path = SLButtonListView.m; sourceTree = "<group>"; };
		3BEB6B581CCE24A7006554FA /* SLRootLeftCell.h */ = {isa = PBXFileReference; fileEncoding = 4; lastKnownFileType = sourcecode.c.h; path = SLRootLeftCell.h; sourceTree = "<group>"; };
		3BEB6B591CCE24A7006554FA /* SLRootLeftCell.m */ = {isa = PBXFileReference; fileEncoding = 4; lastKnownFileType = sourcecode.c.objc; path = SLRootLeftCell.m; sourceTree = "<group>"; };
		3BEB6B5F1CCE2695006554FA /* GooeySlideMenu.h */ = {isa = PBXFileReference; fileEncoding = 4; lastKnownFileType = sourcecode.c.h; path = GooeySlideMenu.h; sourceTree = "<group>"; };
		3BEB6B601CCE2695006554FA /* GooeySlideMenu.m */ = {isa = PBXFileReference; fileEncoding = 4; lastKnownFileType = sourcecode.c.objc; path = GooeySlideMenu.m; sourceTree = "<group>"; };
		3BEB6B611CCE2695006554FA /* SlideMenuButton.h */ = {isa = PBXFileReference; fileEncoding = 4; lastKnownFileType = sourcecode.c.h; path = SlideMenuButton.h; sourceTree = "<group>"; };
		3BEB6B621CCE2695006554FA /* SlideMenuButton.m */ = {isa = PBXFileReference; fileEncoding = 4; lastKnownFileType = sourcecode.c.objc; path = SlideMenuButton.m; sourceTree = "<group>"; };
		3BEB6B641CCE2695006554FA /* SLCircleMenu.h */ = {isa = PBXFileReference; fileEncoding = 4; lastKnownFileType = sourcecode.c.h; path = SLCircleMenu.h; sourceTree = "<group>"; };
		3BEB6B651CCE2695006554FA /* SLCircleMenu.m */ = {isa = PBXFileReference; fileEncoding = 4; lastKnownFileType = sourcecode.c.objc; path = SLCircleMenu.m; sourceTree = "<group>"; };
		3BEB6B661CCE2695006554FA /* SLCircleMenuButton.h */ = {isa = PBXFileReference; fileEncoding = 4; lastKnownFileType = sourcecode.c.h; path = SLCircleMenuButton.h; sourceTree = "<group>"; };
		3BEB6B671CCE2695006554FA /* SLCircleMenuButton.m */ = {isa = PBXFileReference; fileEncoding = 4; lastKnownFileType = sourcecode.c.objc; path = SLCircleMenuButton.m; sourceTree = "<group>"; };
		3BEB6B681CCE2695006554FA /* SLCircleMenuLoader.h */ = {isa = PBXFileReference; fileEncoding = 4; lastKnownFileType = sourcecode.c.h; path = SLCircleMenuLoader.h; sourceTree = "<group>"; };
		3BEB6B691CCE2695006554FA /* SLCircleMenuLoader.m */ = {isa = PBXFileReference; fileEncoding = 4; lastKnownFileType = sourcecode.c.objc; path = SLCircleMenuLoader.m; sourceTree = "<group>"; };
		3BEB6B6B1CCE2695006554FA /* SLNetworking.h */ = {isa = PBXFileReference; fileEncoding = 4; lastKnownFileType = sourcecode.c.h; path = SLNetworking.h; sourceTree = "<group>"; };
		3BEB6B6C1CCE2695006554FA /* SLNetworking.m */ = {isa = PBXFileReference; fileEncoding = 4; lastKnownFileType = sourcecode.c.objc; path = SLNetworking.m; sourceTree = "<group>"; };
		3BEB6B731CCE26B0006554FA /* UILabel+Category.h */ = {isa = PBXFileReference; fileEncoding = 4; lastKnownFileType = sourcecode.c.h; path = "UILabel+Category.h"; sourceTree = "<group>"; };
		3BEB6B741CCE26B0006554FA /* UILabel+Category.m */ = {isa = PBXFileReference; fileEncoding = 4; lastKnownFileType = sourcecode.c.objc; path = "UILabel+Category.m"; sourceTree = "<group>"; };
		3BEB6B781CCE63FB006554FA /* SLIdCardViewController.h */ = {isa = PBXFileReference; fileEncoding = 4; lastKnownFileType = sourcecode.c.h; path = SLIdCardViewController.h; sourceTree = "<group>"; };
		3BEB6B791CCE63FB006554FA /* SLIdCardViewController.m */ = {isa = PBXFileReference; fileEncoding = 4; lastKnownFileType = sourcecode.c.objc; path = SLIdCardViewController.m; sourceTree = "<group>"; };
		3BEB6B7C1CCE68A8006554FA /* SLLoadingView.h */ = {isa = PBXFileReference; fileEncoding = 4; lastKnownFileType = sourcecode.c.h; path = SLLoadingView.h; sourceTree = "<group>"; };
		3BEB6B7D1CCE68A8006554FA /* SLLoadingView.m */ = {isa = PBXFileReference; fileEncoding = 4; lastKnownFileType = sourcecode.c.objc; path = SLLoadingView.m; sourceTree = "<group>"; };
		3BEB6B801CCE6AFA006554FA /* loading_1@2x.png */ = {isa = PBXFileReference; lastKnownFileType = image.png; path = "loading_1@2x.png"; sourceTree = "<group>"; };
		3BEB6B811CCE6AFA006554FA /* loading_2@2x.png */ = {isa = PBXFileReference; lastKnownFileType = image.png; path = "loading_2@2x.png"; sourceTree = "<group>"; };
		3BEB6B821CCE6AFA006554FA /* loading_3@2x.png */ = {isa = PBXFileReference; lastKnownFileType = image.png; path = "loading_3@2x.png"; sourceTree = "<group>"; };
		3BEB6B831CCE6AFA006554FA /* loading_4@2x.png */ = {isa = PBXFileReference; lastKnownFileType = image.png; path = "loading_4@2x.png"; sourceTree = "<group>"; };
		3BEB6B841CCE6AFA006554FA /* loading_5@2x.png */ = {isa = PBXFileReference; lastKnownFileType = image.png; path = "loading_5@2x.png"; sourceTree = "<group>"; };
		3BEB6B851CCE6AFA006554FA /* loading_6@2x.png */ = {isa = PBXFileReference; lastKnownFileType = image.png; path = "loading_6@2x.png"; sourceTree = "<group>"; };
		3BEB6B861CCE6AFA006554FA /* loadMore@2x.png */ = {isa = PBXFileReference; lastKnownFileType = image.png; path = "loadMore@2x.png"; sourceTree = "<group>"; };
		3BEB6B8E1CCE70AB006554FA /* NSObject+Category.h */ = {isa = PBXFileReference; fileEncoding = 4; lastKnownFileType = sourcecode.c.h; path = "NSObject+Category.h"; sourceTree = "<group>"; };
		3BEB6B8F1CCE70AB006554FA /* NSObject+Category.m */ = {isa = PBXFileReference; fileEncoding = 4; lastKnownFileType = sourcecode.c.objc; path = "NSObject+Category.m"; sourceTree = "<group>"; };
		3BEB6B931CCF05C3006554FA /* SLNewsViewController.h */ = {isa = PBXFileReference; fileEncoding = 4; lastKnownFileType = sourcecode.c.h; path = SLNewsViewController.h; sourceTree = "<group>"; };
		3BEB6B941CCF05C3006554FA /* SLNewsViewController.m */ = {isa = PBXFileReference; fileEncoding = 4; lastKnownFileType = sourcecode.c.objc; path = SLNewsViewController.m; sourceTree = "<group>"; };
		3BEB6BAC1CCF127C006554FA /* SLNewsLogic.h */ = {isa = PBXFileReference; fileEncoding = 4; lastKnownFileType = sourcecode.c.h; path = SLNewsLogic.h; sourceTree = "<group>"; };
		3BEB6BAD1CCF127C006554FA /* SLNewsLogic.m */ = {isa = PBXFileReference; fileEncoding = 4; lastKnownFileType = sourcecode.c.objc; path = SLNewsLogic.m; sourceTree = "<group>"; };
		3BEB6BAF1CCF1A60006554FA /* SLNews.h */ = {isa = PBXFileReference; fileEncoding = 4; lastKnownFileType = sourcecode.c.h; path = SLNews.h; sourceTree = "<group>"; };
		3BEB6BB01CCF1A60006554FA /* SLNews.m */ = {isa = PBXFileReference; fileEncoding = 4; lastKnownFileType = sourcecode.c.objc; path = SLNews.m; sourceTree = "<group>"; };
		3BEB6BB21CCF3A34006554FA /* SLNewsCell.h */ = {isa = PBXFileReference; fileEncoding = 4; lastKnownFileType = sourcecode.c.h; path = SLNewsCell.h; sourceTree = "<group>"; };
		3BEB6BB31CCF3A34006554FA /* SLNewsCell.m */ = {isa = PBXFileReference; fileEncoding = 4; lastKnownFileType = sourcecode.c.objc; path = SLNewsCell.m; sourceTree = "<group>"; };
		3BEB6BB91CCF4617006554FA /* tool.plist */ = {isa = PBXFileReference; fileEncoding = 4; lastKnownFileType = text.plist.xml; path = tool.plist; sourceTree = "<group>"; };
		3BEB6BBC1CCF46C3006554FA /* SLRootLeftLogic.h */ = {isa = PBXFileReference; fileEncoding = 4; lastKnownFileType = sourcecode.c.h; path = SLRootLeftLogic.h; sourceTree = "<group>"; };
		3BEB6BBD1CCF46C3006554FA /* SLRootLeftLogic.m */ = {isa = PBXFileReference; fileEncoding = 4; lastKnownFileType = sourcecode.c.objc; path = SLRootLeftLogic.m; sourceTree = "<group>"; };
		3BEB6BF71CD0544E006554FA /* SLCalendarViewController.h */ = {isa = PBXFileReference; fileEncoding = 4; lastKnownFileType = sourcecode.c.h; path = SLCalendarViewController.h; sourceTree = "<group>"; };
		3BEB6BF81CD0544E006554FA /* SLCalendarViewController.m */ = {isa = PBXFileReference; fileEncoding = 4; lastKnownFileType = sourcecode.c.objc; path = SLCalendarViewController.m; sourceTree = "<group>"; };
		3BEB6BFB1CD05B06006554FA /* SLCalendarLogic.h */ = {isa = PBXFileReference; fileEncoding = 4; lastKnownFileType = sourcecode.c.h; path = SLCalendarLogic.h; sourceTree = "<group>"; };
		3BEB6BFC1CD05B07006554FA /* SLCalendarLogic.m */ = {isa = PBXFileReference; fileEncoding = 4; lastKnownFileType = sourcecode.c.objc; path = SLCalendarLogic.m; sourceTree = "<group>"; };
		3BEB6BFF1CD05D7B006554FA /* SLCalendar.h */ = {isa = PBXFileReference; fileEncoding = 4; lastKnownFileType = sourcecode.c.h; path = SLCalendar.h; sourceTree = "<group>"; };
		3BEB6C001CD05D7B006554FA /* SLCalendar.m */ = {isa = PBXFileReference; fileEncoding = 4; lastKnownFileType = sourcecode.c.objc; path = SLCalendar.m; sourceTree = "<group>"; };
		3BEB6C021CD063F3006554FA /* SLCalendarDetailViewController.h */ = {isa = PBXFileReference; fileEncoding = 4; lastKnownFileType = sourcecode.c.h; path = SLCalendarDetailViewController.h; sourceTree = "<group>"; };
		3BEB6C031CD063F3006554FA /* SLCalendarDetailViewController.m */ = {isa = PBXFileReference; fileEncoding = 4; lastKnownFileType = sourcecode.c.objc; path = SLCalendarDetailViewController.m; sourceTree = "<group>"; };
		3BEB6C511CD09640006554FA /* SystemConfiguration.framework */ = {isa = PBXFileReference; lastKnownFileType = wrapper.framework; name = SystemConfiguration.framework; path = System/Library/Frameworks/SystemConfiguration.framework; sourceTree = SDKROOT; };
		3BEB6C531CD09681006554FA /* libsqlite3.0.tbd */ = {isa = PBXFileReference; lastKnownFileType = "sourcecode.text-based-dylib-definition"; name = libsqlite3.0.tbd; path = usr/lib/libsqlite3.0.tbd; sourceTree = SDKROOT; };
		3BEB6C551CD09697006554FA /* Security.framework */ = {isa = PBXFileReference; lastKnownFileType = wrapper.framework; name = Security.framework; path = System/Library/Frameworks/Security.framework; sourceTree = SDKROOT; };
		3BEB6C571CD096AA006554FA /* libiconv.2.4.0.tbd */ = {isa = PBXFileReference; lastKnownFileType = "sourcecode.text-based-dylib-definition"; name = libiconv.2.4.0.tbd; path = usr/lib/libiconv.2.4.0.tbd; sourceTree = SDKROOT; };
		3BEB6C591CD096BE006554FA /* CoreGraphics.framework */ = {isa = PBXFileReference; lastKnownFileType = wrapper.framework; name = CoreGraphics.framework; path = System/Library/Frameworks/CoreGraphics.framework; sourceTree = SDKROOT; };
		3BEB6C5B1CD096C8006554FA /* CoreTelephony.framework */ = {isa = PBXFileReference; lastKnownFileType = wrapper.framework; name = CoreTelephony.framework; path = System/Library/Frameworks/CoreTelephony.framework; sourceTree = SDKROOT; };
		3BEB6C5D1CD096D4006554FA /* libstdc++.6.0.9.tbd */ = {isa = PBXFileReference; lastKnownFileType = "sourcecode.text-based-dylib-definition"; name = "libstdc++.6.0.9.tbd"; path = "usr/lib/libstdc++.6.0.9.tbd"; sourceTree = SDKROOT; };
		3BEB6C5F1CD0972E006554FA /* libz.1.2.5.tbd */ = {isa = PBXFileReference; lastKnownFileType = "sourcecode.text-based-dylib-definition"; name = libz.1.2.5.tbd; path = usr/lib/libz.1.2.5.tbd; sourceTree = SDKROOT; };
		3BEB6C611CD1A31B006554FA /* NSDate+Category.h */ = {isa = PBXFileReference; fileEncoding = 4; lastKnownFileType = sourcecode.c.h; path = "NSDate+Category.h"; sourceTree = "<group>"; };
		3BEB6C621CD1A31B006554FA /* NSDate+Category.m */ = {isa = PBXFileReference; fileEncoding = 4; lastKnownFileType = sourcecode.c.objc; path = "NSDate+Category.m"; sourceTree = "<group>"; };
		3BEB6C671CD21628006554FA /* SLDeliveryViewController.h */ = {isa = PBXFileReference; fileEncoding = 4; lastKnownFileType = sourcecode.c.h; path = SLDeliveryViewController.h; sourceTree = "<group>"; };
		3BEB6C681CD21628006554FA /* SLDeliveryViewController.m */ = {isa = PBXFileReference; fileEncoding = 4; lastKnownFileType = sourcecode.c.objc; path = SLDeliveryViewController.m; sourceTree = "<group>"; };
		3BEB6C6F1CD21700006554FA /* tool_express.png */ = {isa = PBXFileReference; lastKnownFileType = image.png; path = tool_express.png; sourceTree = "<group>"; };
		3BEB6C711CD2172A006554FA /* tool_idcard.png */ = {isa = PBXFileReference; lastKnownFileType = image.png; path = tool_idcard.png; sourceTree = "<group>"; };
		3BEB6C731CD21745006554FA /* tool_news.png */ = {isa = PBXFileReference; lastKnownFileType = image.png; path = tool_news.png; sourceTree = "<group>"; };
		3BEB6C751CD21756006554FA /* tool_xiaohua.png */ = {isa = PBXFileReference; lastKnownFileType = image.png; path = tool_xiaohua.png; sourceTree = "<group>"; };
		3BEB6C771CD21985006554FA /* setting_button.png */ = {isa = PBXFileReference; lastKnownFileType = image.png; path = setting_button.png; sourceTree = "<group>"; };
		3BEB6C7B1CD21A62006554FA /* tool_calendar.png */ = {isa = PBXFileReference; lastKnownFileType = image.png; path = tool_calendar.png; sourceTree = "<group>"; };
		631F7C50515963412A1EAE2B /* Pods.release.xcconfig */ = {isa = PBXFileReference; includeInIndex = 1; lastKnownFileType = text.xcconfig; name = Pods.release.xcconfig; path = "Pods/Target Support Files/Pods/Pods.release.xcconfig"; sourceTree = "<group>"; };
		909E912C412EB06599FDE060 /* libPods.a */ = {isa = PBXFileReference; explicitFileType = archive.ar; includeInIndex = 0; path = libPods.a; sourceTree = BUILT_PRODUCTS_DIR; };
/* End PBXFileReference section */

/* Begin PBXFrameworksBuildPhase section */
		3BB17C351CC7638200024581 /* Frameworks */ = {
			isa = PBXFrameworksBuildPhase;
			buildActionMask = 2147483647;
			files = (
				3BEB6C601CD0972E006554FA /* libz.1.2.5.tbd in Frameworks */,
				3BEB6C5E1CD096D4006554FA /* libstdc++.6.0.9.tbd in Frameworks */,
				3BEB6C5C1CD096C8006554FA /* CoreTelephony.framework in Frameworks */,
				3BEB6C5A1CD096BE006554FA /* CoreGraphics.framework in Frameworks */,
				3BEB6C581CD096AA006554FA /* libiconv.2.4.0.tbd in Frameworks */,
				3BEB6C561CD09697006554FA /* Security.framework in Frameworks */,
				3BEB6C541CD09681006554FA /* libsqlite3.0.tbd in Frameworks */,
				3BEB6C521CD09640006554FA /* SystemConfiguration.framework in Frameworks */,
				6663CFF0CBA061FD72FFBFA1 /* libPods.a in Frameworks */,
			);
			runOnlyForDeploymentPostprocessing = 0;
		};
/* End PBXFrameworksBuildPhase section */

/* Begin PBXGroup section */
		3B01F9B81CD484C900869046 /* View */ = {
			isa = PBXGroup;
			children = (
				3B7047E61CD4895300FB977E /* SLMonthBill.h */,
				3B7047E71CD4895300FB977E /* SLMonthBill.m */,
				3B7047EC1CD494BD00FB977E /* SLNoteCell.h */,
				3B7047ED1CD494BD00FB977E /* SLNoteCell.m */,
			);
			path = View;
			sourceTree = "<group>";
		};
		3B01F9B91CD4864000869046 /* Controller */ = {
			isa = PBXGroup;
			children = (
				3B01F9BA1CD4864000869046 /* SLBaseViewController.h */,
				3B01F9BB1CD4864000869046 /* SLBaseViewController.m */,
				3B01F9BC1CD4864000869046 /* SLCustomTabbarViewController.h */,
				3B01F9BD1CD4864000869046 /* SLCustomTabbarViewController.m */,
				3B01F9BE1CD4864000869046 /* SLNavigationViewController.h */,
				3B01F9BF1CD4864000869046 /* SLNavigationViewController.m */,
				3B01F9C01CD4864000869046 /* SLWebViewController.h */,
				3B01F9C11CD4864000869046 /* SLWebViewController.m */,
			);
			path = Controller;
			sourceTree = "<group>";
		};
		3B01F9C21CD4864000869046 /* View */ = {
			isa = PBXGroup;
			children = (
				3B01F9C71CD4865700869046 /* SLDateLabel.h */,
				3B01F9C81CD4865700869046 /* SLDateLabel.m */,
			);
			path = View;
			sourceTree = "<group>";
		};
		3B7047E91CD4916100FB977E /* Note */ = {
			isa = PBXGroup;
			children = (
				3B7047EA1CD4916100FB977E /* note_add.png */,
			);
			path = Note;
			sourceTree = "<group>";
		};
		3B7047F21CD99B1100FB977E /* Model */ = {
			isa = PBXGroup;
			children = (
				3B7047F31CD99B1B00FB977E /* SLNote.h */,
				3B7047F41CD99B1B00FB977E /* SLNote.m */,
			);
			path = Model;
			sourceTree = "<group>";
		};
		3BB17C2F1CC7638200024581 = {
			isa = PBXGroup;
			children = (
				3BB17C3A1CC7638200024581 /* Saber Tool */,
				3BB17C391CC7638200024581 /* Products */,
				E67C7FB49A7C7C66C907F858 /* Pods */,
				F13DCB21C211EE696B4F2A8E /* Frameworks */,
			);
			sourceTree = "<group>";
		};
		3BB17C391CC7638200024581 /* Products */ = {
			isa = PBXGroup;
			children = (
				3BB17C381CC7638200024581 /* Saber Tool.app */,
			);
			name = Products;
			sourceTree = "<group>";
		};
		3BB17C3A1CC7638200024581 /* Saber Tool */ = {
			isa = PBXGroup;
			children = (
				3BB17C521CC8612B00024581 /* PrefixHeader.pch */,
				3BB17C3E1CC7638200024581 /* AppDelegate.h */,
				3BB17C3F1CC7638200024581 /* AppDelegate.m */,
				3BB4DE121CCDB716001382D9 /* Main */,
				3BEB6B5B1CCE2695006554FA /* Core */,
				3BB4DE491CCDC410001382D9 /* Resource */,
				3BB17C3B1CC7638200024581 /* Supporting Files */,
			);
			path = "Saber Tool";
			sourceTree = "<group>";
		};
		3BB17C3B1CC7638200024581 /* Supporting Files */ = {
			isa = PBXGroup;
			children = (
				3BB17C471CC7638200024581 /* Assets.xcassets */,
				3BB17C491CC7638200024581 /* LaunchScreen.storyboard */,
				3BB17C4C1CC7638200024581 /* Info.plist */,
				3BB17C3C1CC7638200024581 /* main.m */,
			);
			name = "Supporting Files";
			sourceTree = "<group>";
		};
		3BB4DE121CCDB716001382D9 /* Main */ = {
			isa = PBXGroup;
			children = (
				3BB4DE6B1CCDEE27001382D9 /* SLCustom */,
				3BB4DE3D1CCDC32C001382D9 /* SLRoot_Left */,
				3BB4DE411CCDC353001382D9 /* SLRoot_Middle */,
				3BB4DE441CCDC353001382D9 /* SLRoot_Right */,
				3BB4DE631CCDEC0F001382D9 /* SLSetting */,
				3BB4DE131CCDB716001382D9 /* SLNote */,
				3BEB6B761CCE63EB006554FA /* SLIdCard */,
				3BEB6B911CCF05B3006554FA /* SLNews */,
				3BEB6BEF1CD053CD006554FA /* SLCalendar */,
				3BEB6C641CD21610006554FA /* SLDelivery */,
				3BBFC7071CD3490D0053BEC1 /* SLJoke */,
			);
			path = Main;
			sourceTree = "<group>";
		};
		3BB4DE131CCDB716001382D9 /* SLNote */ = {
			isa = PBXGroup;
			children = (
				3B7047F21CD99B1100FB977E /* Model */,
				3BB4DE141CCDB716001382D9 /* Controller */,
				3B01F9B81CD484C900869046 /* View */,
			);
			path = SLNote;
			sourceTree = "<group>";
		};
		3BB4DE141CCDB716001382D9 /* Controller */ = {
			isa = PBXGroup;
			children = (
				3BB4DE1E1CCDB9CC001382D9 /* SLNoteViewController.h */,
				3BB4DE1F1CCDB9CC001382D9 /* SLNoteViewController.m */,
				3B7047EF1CD98E2C00FB977E /* SLAddNoteViewController.h */,
				3B7047F01CD98E2C00FB977E /* SLAddNoteViewController.m */,
			);
			path = Controller;
			sourceTree = "<group>";
		};
		3BB4DE3D1CCDC32C001382D9 /* SLRoot_Left */ = {
			isa = PBXGroup;
			children = (
				3BB4DE791CCDF8E8001382D9 /* Controller */,
				3BEB6B541CCE0AAC006554FA /* View */,
				3BEB6BBB1CCF46A7006554FA /* ViewModel */,
				3BB4DE7C1CCDF8E8001382D9 /* Other */,
			);
			path = SLRoot_Left;
			sourceTree = "<group>";
		};
		3BB4DE411CCDC353001382D9 /* SLRoot_Middle */ = {
			isa = PBXGroup;
			children = (
				3BB4DE421CCDC353001382D9 /* SLRootMiddleViewController.h */,
				3BB4DE431CCDC353001382D9 /* SLRootMiddleViewController.m */,
			);
			path = SLRoot_Middle;
			sourceTree = "<group>";
		};
		3BB4DE441CCDC353001382D9 /* SLRoot_Right */ = {
			isa = PBXGroup;
			children = (
				3BB4DE451CCDC353001382D9 /* SLRootRightViewController.h */,
				3BB4DE461CCDC353001382D9 /* SLRootRightViewController.m */,
			);
			path = SLRoot_Right;
			sourceTree = "<group>";
		};
		3BB4DE491CCDC410001382D9 /* Resource */ = {
			isa = PBXGroup;
			children = (
				3BEB6BB81CCF4588006554FA /* Plist */,
				3BB4DE4A1CCDC410001382D9 /* Image */,
			);
			path = Resource;
			sourceTree = "<group>";
		};
		3BB4DE4A1CCDC410001382D9 /* Image */ = {
			isa = PBXGroup;
			children = (
				3BEB6C771CD21985006554FA /* setting_button.png */,
				3BB4DE841CCDFD85001382D9 /* rightButton.png */,
				3BB4DE611CCDE8EA001382D9 /* jiqimao.png */,
				3BB4DE4B1CCDC41E001382D9 /* Tabbar */,
				3B7047E91CD4916100FB977E /* Note */,
				3BEB6B7F1CCE6AFA006554FA /* Loading */,
				3BEB6C6A1CD2169D006554FA /* ToolList */,
			);
			path = Image;
			sourceTree = "<group>";
		};
		3BB4DE4B1CCDC41E001382D9 /* Tabbar */ = {
			isa = PBXGroup;
			children = (
				3BB4DE4C1CCDC41E001382D9 /* benefit_default_icon@2x.png */,
				3BB4DE4D1CCDC41E001382D9 /* benefit_press_icon@2x.png */,
				3BB4DE4E1CCDC41E001382D9 /* my_default_icon@2x.png */,
				3BB4DE4F1CCDC41E001382D9 /* my_press_icon@2x.png */,
				3BB4DE501CCDC41E001382D9 /* order_default_icon@2x.png */,
				3BB4DE511CCDC41E001382D9 /* order_press_icon@2x.png */,
				3BB4DE521CCDC41E001382D9 /* wash_default_icon@2x.png */,
				3BB4DE531CCDC41E001382D9 /* wash_press_icon@2x.png */,
			);
			path = Tabbar;
			sourceTree = "<group>";
		};
		3BB4DE631CCDEC0F001382D9 /* SLSetting */ = {
			isa = PBXGroup;
			children = (
				3BB4DE641CCDEC0F001382D9 /* Controller */,
			);
			path = SLSetting;
			sourceTree = "<group>";
		};
		3BB4DE641CCDEC0F001382D9 /* Controller */ = {
			isa = PBXGroup;
			children = (
				3BB4DE651CCDEC1E001382D9 /* SLSettingViewController.h */,
				3BB4DE661CCDEC1E001382D9 /* SLSettingViewController.m */,
			);
			path = Controller;
			sourceTree = "<group>";
		};
		3BB4DE6B1CCDEE27001382D9 /* SLCustom */ = {
			isa = PBXGroup;
			children = (
				3B01F9B91CD4864000869046 /* Controller */,
				3B01F9C21CD4864000869046 /* View */,
			);
			path = SLCustom;
			sourceTree = "<group>";
		};
		3BB4DE791CCDF8E8001382D9 /* Controller */ = {
			isa = PBXGroup;
			children = (
				3BB4DE7A1CCDF8E8001382D9 /* SLRootLeftViewController.h */,
				3BB4DE7B1CCDF8E8001382D9 /* SLRootLeftViewController.m */,
			);
			path = Controller;
			sourceTree = "<group>";
		};
		3BB4DE7C1CCDF8E8001382D9 /* Other */ = {
			isa = PBXGroup;
			children = (
				3BB4DE811CCDFA0A001382D9 /* SLLineLayout.h */,
				3BB4DE821CCDFA0A001382D9 /* SLLineLayout.m */,
			);
			path = Other;
			sourceTree = "<group>";
		};
		3BBFC7071CD3490D0053BEC1 /* SLJoke */ = {
			isa = PBXGroup;
			children = (
				3BBFC7081CD3490D0053BEC1 /* Controller */,
				3BBFC7091CD3490D0053BEC1 /* Model */,
				3BBFC70A1CD3490D0053BEC1 /* View */,
				3BBFC70B1CD3490D0053BEC1 /* ViewModel */,
			);
			path = SLJoke;
			sourceTree = "<group>";
		};
		3BBFC7081CD3490D0053BEC1 /* Controller */ = {
			isa = PBXGroup;
			children = (
				3BBFC70C1CD3491E0053BEC1 /* SLJokeViewController.h */,
				3BBFC70D1CD3491E0053BEC1 /* SLJokeViewController.m */,
			);
			path = Controller;
			sourceTree = "<group>";
		};
		3BBFC7091CD3490D0053BEC1 /* Model */ = {
			isa = PBXGroup;
			children = (
				3BBFC7121CD34CCE0053BEC1 /* SLJoke.h */,
				3BBFC7131CD34CCE0053BEC1 /* SLJoke.m */,
			);
			path = Model;
			sourceTree = "<group>";
		};
		3BBFC70A1CD3490D0053BEC1 /* View */ = {
			isa = PBXGroup;
			children = (
				3BBFC7151CD34FCC0053BEC1 /* SLTextJokeCell.h */,
				3BBFC7161CD34FCC0053BEC1 /* SLTextJokeCell.m */,
				3BBFC7181CD34FDB0053BEC1 /* SLPicJokeCell.h */,
				3BBFC7191CD34FDB0053BEC1 /* SLPicJokeCell.m */,
			);
			path = View;
			sourceTree = "<group>";
		};
		3BBFC70B1CD3490D0053BEC1 /* ViewModel */ = {
			isa = PBXGroup;
			children = (
				3BBFC70F1CD349780053BEC1 /* SLJokeLogic.h */,
				3BBFC7101CD349780053BEC1 /* SLJokeLogic.m */,
			);
			path = ViewModel;
			sourceTree = "<group>";
		};
		3BEB6B541CCE0AAC006554FA /* View */ = {
			isa = PBXGroup;
			children = (
				3BEB6B581CCE24A7006554FA /* SLRootLeftCell.h */,
				3BEB6B591CCE24A7006554FA /* SLRootLeftCell.m */,
				3BEB6B551CCE0AE5006554FA /* SLButtonListView.h */,
				3BEB6B561CCE0AE5006554FA /* SLButtonListView.m */,
			);
			path = View;
			sourceTree = "<group>";
		};
		3BEB6B5B1CCE2695006554FA /* Core */ = {
			isa = PBXGroup;
			children = (
				3BEB6C051CD095FF006554FA /* Vender */,
				3BEB6B5C1CCE2695006554FA /* Category */,
				3BEB6B5D1CCE2695006554FA /* Tool */,
			);
			path = Core;
			sourceTree = "<group>";
		};
		3BEB6B5C1CCE2695006554FA /* Category */ = {
			isa = PBXGroup;
			children = (
				3BEB6B731CCE26B0006554FA /* UILabel+Category.h */,
				3BEB6B741CCE26B0006554FA /* UILabel+Category.m */,
				3BEB6B8E1CCE70AB006554FA /* NSObject+Category.h */,
				3BEB6B8F1CCE70AB006554FA /* NSObject+Category.m */,
				3BEB6C611CD1A31B006554FA /* NSDate+Category.h */,
				3BEB6C621CD1A31B006554FA /* NSDate+Category.m */,
			);
			path = Category;
			sourceTree = "<group>";
		};
		3BEB6B5D1CCE2695006554FA /* Tool */ = {
			isa = PBXGroup;
			children = (
				3BEB6B7B1CCE689E006554FA /* SLLoadingView */,
				3BEB6B5E1CCE2695006554FA /* GooeySlideMenu */,
				3BEB6B631CCE2695006554FA /* SLCircleMenu */,
				3BEB6B6A1CCE2695006554FA /* SLNetworking */,
			);
			path = Tool;
			sourceTree = "<group>";
		};
		3BEB6B5E1CCE2695006554FA /* GooeySlideMenu */ = {
			isa = PBXGroup;
			children = (
				3BEB6B5F1CCE2695006554FA /* GooeySlideMenu.h */,
				3BEB6B601CCE2695006554FA /* GooeySlideMenu.m */,
				3BEB6B611CCE2695006554FA /* SlideMenuButton.h */,
				3BEB6B621CCE2695006554FA /* SlideMenuButton.m */,
			);
			path = GooeySlideMenu;
			sourceTree = "<group>";
		};
		3BEB6B631CCE2695006554FA /* SLCircleMenu */ = {
			isa = PBXGroup;
			children = (
				3BEB6B641CCE2695006554FA /* SLCircleMenu.h */,
				3BEB6B651CCE2695006554FA /* SLCircleMenu.m */,
				3BEB6B661CCE2695006554FA /* SLCircleMenuButton.h */,
				3BEB6B671CCE2695006554FA /* SLCircleMenuButton.m */,
				3BEB6B681CCE2695006554FA /* SLCircleMenuLoader.h */,
				3BEB6B691CCE2695006554FA /* SLCircleMenuLoader.m */,
			);
			path = SLCircleMenu;
			sourceTree = "<group>";
		};
		3BEB6B6A1CCE2695006554FA /* SLNetworking */ = {
			isa = PBXGroup;
			children = (
				3BEB6B6B1CCE2695006554FA /* SLNetworking.h */,
				3BEB6B6C1CCE2695006554FA /* SLNetworking.m */,
			);
			path = SLNetworking;
			sourceTree = "<group>";
		};
		3BEB6B761CCE63EB006554FA /* SLIdCard */ = {
			isa = PBXGroup;
			children = (
				3BEB6B771CCE63EB006554FA /* Controller */,
			);
			path = SLIdCard;
			sourceTree = "<group>";
		};
		3BEB6B771CCE63EB006554FA /* Controller */ = {
			isa = PBXGroup;
			children = (
				3BEB6B781CCE63FB006554FA /* SLIdCardViewController.h */,
				3BEB6B791CCE63FB006554FA /* SLIdCardViewController.m */,
			);
			path = Controller;
			sourceTree = "<group>";
		};
		3BEB6B7B1CCE689E006554FA /* SLLoadingView */ = {
			isa = PBXGroup;
			children = (
				3BEB6B7C1CCE68A8006554FA /* SLLoadingView.h */,
				3BEB6B7D1CCE68A8006554FA /* SLLoadingView.m */,
			);
			path = SLLoadingView;
			sourceTree = "<group>";
		};
		3BEB6B7F1CCE6AFA006554FA /* Loading */ = {
			isa = PBXGroup;
			children = (
				3BEB6B801CCE6AFA006554FA /* loading_1@2x.png */,
				3BEB6B811CCE6AFA006554FA /* loading_2@2x.png */,
				3BEB6B821CCE6AFA006554FA /* loading_3@2x.png */,
				3BEB6B831CCE6AFA006554FA /* loading_4@2x.png */,
				3BEB6B841CCE6AFA006554FA /* loading_5@2x.png */,
				3BEB6B851CCE6AFA006554FA /* loading_6@2x.png */,
				3BEB6B861CCE6AFA006554FA /* loadMore@2x.png */,
			);
			path = Loading;
			sourceTree = "<group>";
		};
		3BEB6B911CCF05B3006554FA /* SLNews */ = {
			isa = PBXGroup;
			children = (
				3BEB6B921CCF05B3006554FA /* Controller */,
				3BEB6BA91CCF1216006554FA /* Model */,
				3BEB6BAA1CCF1216006554FA /* View */,
				3BEB6BAB1CCF1216006554FA /* ViewModel */,
			);
			path = SLNews;
			sourceTree = "<group>";
		};
		3BEB6B921CCF05B3006554FA /* Controller */ = {
			isa = PBXGroup;
			children = (
				3BEB6B931CCF05C3006554FA /* SLNewsViewController.h */,
				3BEB6B941CCF05C3006554FA /* SLNewsViewController.m */,
			);
			path = Controller;
			sourceTree = "<group>";
		};
		3BEB6BA91CCF1216006554FA /* Model */ = {
			isa = PBXGroup;
			children = (
				3BEB6BAF1CCF1A60006554FA /* SLNews.h */,
				3BEB6BB01CCF1A60006554FA /* SLNews.m */,
			);
			path = Model;
			sourceTree = "<group>";
		};
		3BEB6BAA1CCF1216006554FA /* View */ = {
			isa = PBXGroup;
			children = (
				3BEB6BB21CCF3A34006554FA /* SLNewsCell.h */,
				3BEB6BB31CCF3A34006554FA /* SLNewsCell.m */,
			);
			path = View;
			sourceTree = "<group>";
		};
		3BEB6BAB1CCF1216006554FA /* ViewModel */ = {
			isa = PBXGroup;
			children = (
				3BEB6BAC1CCF127C006554FA /* SLNewsLogic.h */,
				3BEB6BAD1CCF127C006554FA /* SLNewsLogic.m */,
			);
			path = ViewModel;
			sourceTree = "<group>";
		};
		3BEB6BB81CCF4588006554FA /* Plist */ = {
			isa = PBXGroup;
			children = (
				3BEB6BB91CCF4617006554FA /* tool.plist */,
			);
			name = Plist;
			path = "Saber Tool/Plist";
			sourceTree = SOURCE_ROOT;
		};
		3BEB6BBB1CCF46A7006554FA /* ViewModel */ = {
			isa = PBXGroup;
			children = (
				3BEB6BBC1CCF46C3006554FA /* SLRootLeftLogic.h */,
				3BEB6BBD1CCF46C3006554FA /* SLRootLeftLogic.m */,
			);
			name = ViewModel;
			path = "Saber Tool/Main/SLRoot_Left/ViewModel";
			sourceTree = SOURCE_ROOT;
		};
		3BEB6BEF1CD053CD006554FA /* SLCalendar */ = {
			isa = PBXGroup;
			children = (
				3BEB6BF31CD053F9006554FA /* Controller */,
				3BEB6BFE1CD05D6E006554FA /* Model */,
				3BEB6BFA1CD05AF8006554FA /* ViewModel */,
			);
			path = SLCalendar;
			sourceTree = "<group>";
		};
		3BEB6BF31CD053F9006554FA /* Controller */ = {
			isa = PBXGroup;
			children = (
				3BEB6BF71CD0544E006554FA /* SLCalendarViewController.h */,
				3BEB6BF81CD0544E006554FA /* SLCalendarViewController.m */,
				3BEB6C021CD063F3006554FA /* SLCalendarDetailViewController.h */,
				3BEB6C031CD063F3006554FA /* SLCalendarDetailViewController.m */,
			);
			path = Controller;
			sourceTree = "<group>";
		};
		3BEB6BFA1CD05AF8006554FA /* ViewModel */ = {
			isa = PBXGroup;
			children = (
				3BEB6BFB1CD05B06006554FA /* SLCalendarLogic.h */,
				3BEB6BFC1CD05B07006554FA /* SLCalendarLogic.m */,
			);
			path = ViewModel;
			sourceTree = "<group>";
		};
		3BEB6BFE1CD05D6E006554FA /* Model */ = {
			isa = PBXGroup;
			children = (
				3BEB6BFF1CD05D7B006554FA /* SLCalendar.h */,
				3BEB6C001CD05D7B006554FA /* SLCalendar.m */,
			);
			path = Model;
			sourceTree = "<group>";
		};
		3BEB6C051CD095FF006554FA /* Vender */ = {
			isa = PBXGroup;
			children = (
			);
			path = Vender;
			sourceTree = "<group>";
		};
		3BEB6C641CD21610006554FA /* SLDelivery */ = {
			isa = PBXGroup;
			children = (
				3BEB6C651CD21610006554FA /* Controller */,
				3BEB6C661CD21610006554FA /* ViewModel */,
			);
			path = SLDelivery;
			sourceTree = "<group>";
		};
		3BEB6C651CD21610006554FA /* Controller */ = {
			isa = PBXGroup;
			children = (
				3BEB6C671CD21628006554FA /* SLDeliveryViewController.h */,
				3BEB6C681CD21628006554FA /* SLDeliveryViewController.m */,
			);
			path = Controller;
			sourceTree = "<group>";
		};
		3BEB6C661CD21610006554FA /* ViewModel */ = {
			isa = PBXGroup;
			children = (
			);
			path = ViewModel;
			sourceTree = "<group>";
		};
		3BEB6C6A1CD2169D006554FA /* ToolList */ = {
			isa = PBXGroup;
			children = (
				3B01F9B61CD482D900869046 /* tool_note.png */,
				3BEB6C7B1CD21A62006554FA /* tool_calendar.png */,
				3BEB6C751CD21756006554FA /* tool_xiaohua.png */,
				3BEB6C731CD21745006554FA /* tool_news.png */,
				3BEB6C711CD2172A006554FA /* tool_idcard.png */,
				3BEB6C6F1CD21700006554FA /* tool_express.png */,
			);
			path = ToolList;
			sourceTree = "<group>";
		};
		E67C7FB49A7C7C66C907F858 /* Pods */ = {
			isa = PBXGroup;
			children = (
				12E7D9FD50A4C1968C753E67 /* Pods.debug.xcconfig */,
				631F7C50515963412A1EAE2B /* Pods.release.xcconfig */,
			);
			name = Pods;
			sourceTree = "<group>";
		};
		F13DCB21C211EE696B4F2A8E /* Frameworks */ = {
			isa = PBXGroup;
			children = (
				3BEB6C5F1CD0972E006554FA /* libz.1.2.5.tbd */,
				3BEB6C5D1CD096D4006554FA /* libstdc++.6.0.9.tbd */,
				3BEB6C5B1CD096C8006554FA /* CoreTelephony.framework */,
				3BEB6C591CD096BE006554FA /* CoreGraphics.framework */,
				3BEB6C571CD096AA006554FA /* libiconv.2.4.0.tbd */,
				3BEB6C551CD09697006554FA /* Security.framework */,
				3BEB6C531CD09681006554FA /* libsqlite3.0.tbd */,
				3BEB6C511CD09640006554FA /* SystemConfiguration.framework */,
				909E912C412EB06599FDE060 /* libPods.a */,
			);
			name = Frameworks;
			sourceTree = "<group>";
		};
/* End PBXGroup section */

/* Begin PBXNativeTarget section */
		3BB17C371CC7638200024581 /* Saber Tool */ = {
			isa = PBXNativeTarget;
			buildConfigurationList = 3BB17C4F1CC7638200024581 /* Build configuration list for PBXNativeTarget "Saber Tool" */;
			buildPhases = (
				54953B00A8118A1E2DEED3BD /* Check Pods Manifest.lock */,
				3BB17C341CC7638200024581 /* Sources */,
				3BB17C351CC7638200024581 /* Frameworks */,
				3BB17C361CC7638200024581 /* Resources */,
				91E94F83FBF2817ADB6B121B /* Embed Pods Frameworks */,
				782C6017B762BF894F03A7EF /* Copy Pods Resources */,
			);
			buildRules = (
			);
			dependencies = (
			);
			name = "Saber Tool";
			productName = "Saber Tool";
			productReference = 3BB17C381CC7638200024581 /* Saber Tool.app */;
			productType = "com.apple.product-type.application";
		};
/* End PBXNativeTarget section */

/* Begin PBXProject section */
		3BB17C301CC7638200024581 /* Project object */ = {
			isa = PBXProject;
			attributes = {
				LastUpgradeCheck = 0730;
				ORGANIZATIONNAME = songlong;
				TargetAttributes = {
					3BB17C371CC7638200024581 = {
						CreatedOnToolsVersion = 7.3;
					};
				};
			};
			buildConfigurationList = 3BB17C331CC7638200024581 /* Build configuration list for PBXProject "Saber Tool" */;
			compatibilityVersion = "Xcode 3.2";
			developmentRegion = English;
			hasScannedForEncodings = 0;
			knownRegions = (
				en,
				Base,
				"zh-Hans",
			);
			mainGroup = 3BB17C2F1CC7638200024581;
			productRefGroup = 3BB17C391CC7638200024581 /* Products */;
			projectDirPath = "";
			projectRoot = "";
			targets = (
				3BB17C371CC7638200024581 /* Saber Tool */,
			);
		};
/* End PBXProject section */

/* Begin PBXResourcesBuildPhase section */
		3BB17C361CC7638200024581 /* Resources */ = {
			isa = PBXResourcesBuildPhase;
			buildActionMask = 2147483647;
			files = (
				3BEB6C781CD21985006554FA /* setting_button.png in Resources */,
				3BB4DE551CCDC41E001382D9 /* benefit_press_icon@2x.png in Resources */,
				3BEB6B8B1CCE6AFA006554FA /* loading_5@2x.png in Resources */,
				3BB4DE561CCDC41E001382D9 /* my_default_icon@2x.png in Resources */,
				3BEB6C761CD21756006554FA /* tool_xiaohua.png in Resources */,
				3BB17C4B1CC7638200024581 /* LaunchScreen.storyboard in Resources */,
				3B01F9B71CD482D900869046 /* tool_note.png in Resources */,
				3BB4DE621CCDE8EA001382D9 /* jiqimao.png in Resources */,
				3BEB6C721CD2172A006554FA /* tool_idcard.png in Resources */,
				3BB4DE541CCDC41E001382D9 /* benefit_default_icon@2x.png in Resources */,
				3BB4DE5A1CCDC41E001382D9 /* wash_default_icon@2x.png in Resources */,
				3BEB6B871CCE6AFA006554FA /* loading_1@2x.png in Resources */,
				3BEB6B8D1CCE6AFA006554FA /* loadMore@2x.png in Resources */,
				3B7047EB1CD4916100FB977E /* note_add.png in Resources */,
				3BB4DE851CCDFD85001382D9 /* rightButton.png in Resources */,
				3BEB6BBA1CCF4617006554FA /* tool.plist in Resources */,
				3BB17C481CC7638200024581 /* Assets.xcassets in Resources */,
				3BEB6C741CD21745006554FA /* tool_news.png in Resources */,
				3BEB6B891CCE6AFA006554FA /* loading_3@2x.png in Resources */,
				3BB4DE591CCDC41E001382D9 /* order_press_icon@2x.png in Resources */,
				3BEB6B8C1CCE6AFA006554FA /* loading_6@2x.png in Resources */,
				3BEB6B881CCE6AFA006554FA /* loading_2@2x.png in Resources */,
				3BB4DE5B1CCDC41E001382D9 /* wash_press_icon@2x.png in Resources */,
				3BEB6C7C1CD21A62006554FA /* tool_calendar.png in Resources */,
				3BB4DE571CCDC41E001382D9 /* my_press_icon@2x.png in Resources */,
				3BEB6C701CD21700006554FA /* tool_express.png in Resources */,
				3BEB6B8A1CCE6AFA006554FA /* loading_4@2x.png in Resources */,
				3BB4DE581CCDC41E001382D9 /* order_default_icon@2x.png in Resources */,
			);
			runOnlyForDeploymentPostprocessing = 0;
		};
/* End PBXResourcesBuildPhase section */

/* Begin PBXShellScriptBuildPhase section */
		54953B00A8118A1E2DEED3BD /* Check Pods Manifest.lock */ = {
			isa = PBXShellScriptBuildPhase;
			buildActionMask = 2147483647;
			files = (
			);
			inputPaths = (
			);
			name = "Check Pods Manifest.lock";
			outputPaths = (
			);
			runOnlyForDeploymentPostprocessing = 0;
			shellPath = /bin/sh;
			shellScript = "diff \"${PODS_ROOT}/../Podfile.lock\" \"${PODS_ROOT}/Manifest.lock\" > /dev/null\nif [[ $? != 0 ]] ; then\n    cat << EOM\nerror: The sandbox is not in sync with the Podfile.lock. Run 'pod install' or update your CocoaPods installation.\nEOM\n    exit 1\nfi\n";
			showEnvVarsInLog = 0;
		};
		782C6017B762BF894F03A7EF /* Copy Pods Resources */ = {
			isa = PBXShellScriptBuildPhase;
			buildActionMask = 2147483647;
			files = (
			);
			inputPaths = (
			);
			name = "Copy Pods Resources";
			outputPaths = (
			);
			runOnlyForDeploymentPostprocessing = 0;
			shellPath = /bin/sh;
			shellScript = "\"${SRCROOT}/Pods/Target Support Files/Pods/Pods-resources.sh\"\n";
			showEnvVarsInLog = 0;
		};
		91E94F83FBF2817ADB6B121B /* Embed Pods Frameworks */ = {
			isa = PBXShellScriptBuildPhase;
			buildActionMask = 2147483647;
			files = (
			);
			inputPaths = (
			);
			name = "Embed Pods Frameworks";
			outputPaths = (
			);
			runOnlyForDeploymentPostprocessing = 0;
			shellPath = /bin/sh;
			shellScript = "\"${SRCROOT}/Pods/Target Support Files/Pods/Pods-frameworks.sh\"\n";
			showEnvVarsInLog = 0;
		};
/* End PBXShellScriptBuildPhase section */

/* Begin PBXSourcesBuildPhase section */
		3BB17C341CC7638200024581 /* Sources */ = {
			isa = PBXSourcesBuildPhase;
			buildActionMask = 2147483647;
			files = (
				3BEB6C011CD05D7B006554FA /* SLCalendar.m in Sources */,
				3BBFC7111CD349780053BEC1 /* SLJokeLogic.m in Sources */,
				3BBFC7171CD34FCC0053BEC1 /* SLTextJokeCell.m in Sources */,
				3BEB6B6E1CCE2695006554FA /* SlideMenuButton.m in Sources */,
				3BBFC7141CD34CCE0053BEC1 /* SLJoke.m in Sources */,
				3BEB6B7A1CCE63FB006554FA /* SLIdCardViewController.m in Sources */,
				3BBFC71A1CD34FDB0053BEC1 /* SLPicJokeCell.m in Sources */,
				3BEB6B901CCE70AB006554FA /* NSObject+Category.m in Sources */,
				3B7047E81CD4895300FB977E /* SLMonthBill.m in Sources */,
				3BEB6B701CCE2695006554FA /* SLCircleMenuButton.m in Sources */,
				3BEB6B5A1CCE24A7006554FA /* SLRootLeftCell.m in Sources */,
				3BEB6BAE1CCF127C006554FA /* SLNewsLogic.m in Sources */,
				3BEB6C041CD063F3006554FA /* SLCalendarDetailViewController.m in Sources */,
				3BB4DE831CCDFA0A001382D9 /* SLLineLayout.m in Sources */,
				3BB4DE471CCDC353001382D9 /* SLRootMiddleViewController.m in Sources */,
				3BEB6BB41CCF3A34006554FA /* SLNewsCell.m in Sources */,
				3BB4DE7D1CCDF8E8001382D9 /* SLRootLeftViewController.m in Sources */,
				3B7047F11CD98E2C00FB977E /* SLAddNoteViewController.m in Sources */,
				3BEB6B7E1CCE68A8006554FA /* SLLoadingView.m in Sources */,
				3BEB6BBE1CCF46C3006554FA /* SLRootLeftLogic.m in Sources */,
				3BEB6B721CCE2695006554FA /* SLNetworking.m in Sources */,
				3B01F9C91CD4865700869046 /* SLDateLabel.m in Sources */,
				3BEB6B751CCE26B0006554FA /* UILabel+Category.m in Sources */,
				3BEB6B6D1CCE2695006554FA /* GooeySlideMenu.m in Sources */,
				3BEB6C691CD21628006554FA /* SLDeliveryViewController.m in Sources */,
				3BB17C401CC7638200024581 /* AppDelegate.m in Sources */,
				3BEB6C631CD1A31B006554FA /* NSDate+Category.m in Sources */,
				3B01F9C41CD4864000869046 /* SLCustomTabbarViewController.m in Sources */,
				3B01F9C31CD4864000869046 /* SLBaseViewController.m in Sources */,
				3BB4DE671CCDEC1E001382D9 /* SLSettingViewController.m in Sources */,
				3BEB6BFD1CD05B07006554FA /* SLCalendarLogic.m in Sources */,
				3BB4DE201CCDB9CC001382D9 /* SLNoteViewController.m in Sources */,
				3BEB6BF91CD0544E006554FA /* SLCalendarViewController.m in Sources */,
				3B01F9C51CD4864000869046 /* SLNavigationViewController.m in Sources */,
				3BB4DE481CCDC353001382D9 /* SLRootRightViewController.m in Sources */,
				3B7047F51CD99B1B00FB977E /* SLNote.m in Sources */,
				3BBFC70E1CD3491E0053BEC1 /* SLJokeViewController.m in Sources */,
				3B7047EE1CD494BD00FB977E /* SLNoteCell.m in Sources */,
				3BB17C3D1CC7638200024581 /* main.m in Sources */,
				3BEB6BB11CCF1A60006554FA /* SLNews.m in Sources */,
				3BEB6B951CCF05C3006554FA /* SLNewsViewController.m in Sources */,
				3B01F9C61CD4864000869046 /* SLWebViewController.m in Sources */,
				3BEB6B571CCE0AE5006554FA /* SLButtonListView.m in Sources */,
				3BEB6B711CCE2695006554FA /* SLCircleMenuLoader.m in Sources */,
				3BEB6B6F1CCE2695006554FA /* SLCircleMenu.m in Sources */,
			);
			runOnlyForDeploymentPostprocessing = 0;
		};
/* End PBXSourcesBuildPhase section */

/* Begin PBXVariantGroup section */
		3BB17C491CC7638200024581 /* LaunchScreen.storyboard */ = {
			isa = PBXVariantGroup;
			children = (
				3BB17C4A1CC7638200024581 /* Base */,
			);
			name = LaunchScreen.storyboard;
			sourceTree = "<group>";
		};
/* End PBXVariantGroup section */

/* Begin XCBuildConfiguration section */
		3BB17C4D1CC7638200024581 /* Debug */ = {
			isa = XCBuildConfiguration;
			buildSettings = {
				ALWAYS_SEARCH_USER_PATHS = NO;
				CLANG_ANALYZER_NONNULL = YES;
				CLANG_CXX_LANGUAGE_STANDARD = "gnu++0x";
				CLANG_CXX_LIBRARY = "libc++";
				CLANG_ENABLE_MODULES = YES;
				CLANG_ENABLE_OBJC_ARC = YES;
				CLANG_WARN_BOOL_CONVERSION = YES;
				CLANG_WARN_CONSTANT_CONVERSION = YES;
				CLANG_WARN_DIRECT_OBJC_ISA_USAGE = YES_ERROR;
				CLANG_WARN_EMPTY_BODY = YES;
				CLANG_WARN_ENUM_CONVERSION = YES;
				CLANG_WARN_INT_CONVERSION = YES;
				CLANG_WARN_OBJC_ROOT_CLASS = YES_ERROR;
				CLANG_WARN_UNREACHABLE_CODE = YES;
				CLANG_WARN__DUPLICATE_METHOD_MATCH = YES;
				"CODE_SIGN_IDENTITY[sdk=iphoneos*]" = "iPhone Developer";
				COPY_PHASE_STRIP = NO;
				DEBUG_INFORMATION_FORMAT = dwarf;
				ENABLE_STRICT_OBJC_MSGSEND = YES;
				ENABLE_TESTABILITY = YES;
				GCC_C_LANGUAGE_STANDARD = gnu99;
				GCC_DYNAMIC_NO_PIC = NO;
				GCC_NO_COMMON_BLOCKS = YES;
				GCC_OPTIMIZATION_LEVEL = 0;
				GCC_PREFIX_HEADER = "";
				GCC_PREPROCESSOR_DEFINITIONS = (
					"DEBUG=1",
					"$(inherited)",
				);
				GCC_WARN_64_TO_32_BIT_CONVERSION = YES;
				GCC_WARN_ABOUT_RETURN_TYPE = YES_ERROR;
				GCC_WARN_UNDECLARED_SELECTOR = YES;
				GCC_WARN_UNINITIALIZED_AUTOS = YES_AGGRESSIVE;
				GCC_WARN_UNUSED_FUNCTION = YES;
				GCC_WARN_UNUSED_VARIABLE = YES;
				IPHONEOS_DEPLOYMENT_TARGET = 9.3;
				MTL_ENABLE_DEBUG_INFO = YES;
				ONLY_ACTIVE_ARCH = YES;
				SDKROOT = iphoneos;
			};
			name = Debug;
		};
		3BB17C4E1CC7638200024581 /* Release */ = {
			isa = XCBuildConfiguration;
			buildSettings = {
				ALWAYS_SEARCH_USER_PATHS = NO;
				CLANG_ANALYZER_NONNULL = YES;
				CLANG_CXX_LANGUAGE_STANDARD = "gnu++0x";
				CLANG_CXX_LIBRARY = "libc++";
				CLANG_ENABLE_MODULES = YES;
				CLANG_ENABLE_OBJC_ARC = YES;
				CLANG_WARN_BOOL_CONVERSION = YES;
				CLANG_WARN_CONSTANT_CONVERSION = YES;
				CLANG_WARN_DIRECT_OBJC_ISA_USAGE = YES_ERROR;
				CLANG_WARN_EMPTY_BODY = YES;
				CLANG_WARN_ENUM_CONVERSION = YES;
				CLANG_WARN_INT_CONVERSION = YES;
				CLANG_WARN_OBJC_ROOT_CLASS = YES_ERROR;
				CLANG_WARN_UNREACHABLE_CODE = YES;
				CLANG_WARN__DUPLICATE_METHOD_MATCH = YES;
				"CODE_SIGN_IDENTITY[sdk=iphoneos*]" = "iPhone Developer";
				COPY_PHASE_STRIP = NO;
				DEBUG_INFORMATION_FORMAT = "dwarf-with-dsym";
				ENABLE_NS_ASSERTIONS = NO;
				ENABLE_STRICT_OBJC_MSGSEND = YES;
				GCC_C_LANGUAGE_STANDARD = gnu99;
				GCC_NO_COMMON_BLOCKS = YES;
				GCC_PREFIX_HEADER = "";
				GCC_WARN_64_TO_32_BIT_CONVERSION = YES;
				GCC_WARN_ABOUT_RETURN_TYPE = YES_ERROR;
				GCC_WARN_UNDECLARED_SELECTOR = YES;
				GCC_WARN_UNINITIALIZED_AUTOS = YES_AGGRESSIVE;
				GCC_WARN_UNUSED_FUNCTION = YES;
				GCC_WARN_UNUSED_VARIABLE = YES;
				IPHONEOS_DEPLOYMENT_TARGET = 9.3;
				MTL_ENABLE_DEBUG_INFO = NO;
				SDKROOT = iphoneos;
				VALIDATE_PRODUCT = YES;
			};
			name = Release;
		};
		3BB17C501CC7638200024581 /* Debug */ = {
			isa = XCBuildConfiguration;
			baseConfigurationReference = 12E7D9FD50A4C1968C753E67 /* Pods.debug.xcconfig */;
			buildSettings = {
				ASSETCATALOG_COMPILER_APPICON_NAME = AppIcon;
				FRAMEWORK_SEARCH_PATHS = "$(inherited)";
				GCC_PRECOMPILE_PREFIX_HEADER = NO;
				GCC_PREFIX_HEADER = "$(SRCROOT)/Saber Tool/PrefixHeader.pch";
				INFOPLIST_FILE = "Saber Tool/Info.plist";
				IPHONEOS_DEPLOYMENT_TARGET = 9.3;
				LD_RUNPATH_SEARCH_PATHS = "$(inherited) @executable_path/Frameworks";
				LIBRARY_SEARCH_PATHS = "";
				PRODUCT_BUNDLE_IDENTIFIER = "cn.songlong.Saber-Tool";
				PRODUCT_NAME = "$(TARGET_NAME)";
			};
			name = Debug;
		};
		3BB17C511CC7638200024581 /* Release */ = {
			isa = XCBuildConfiguration;
			baseConfigurationReference = 631F7C50515963412A1EAE2B /* Pods.release.xcconfig */;
			buildSettings = {
				ASSETCATALOG_COMPILER_APPICON_NAME = AppIcon;
				FRAMEWORK_SEARCH_PATHS = "$(inherited)";
				GCC_PRECOMPILE_PREFIX_HEADER = NO;
				GCC_PREFIX_HEADER = "$(SRCROOT)/Saber Tool/PrefixHeader.pch";
				INFOPLIST_FILE = "Saber Tool/Info.plist";
				IPHONEOS_DEPLOYMENT_TARGET = 9.3;
				LD_RUNPATH_SEARCH_PATHS = "$(inherited) @executable_path/Frameworks";
				LIBRARY_SEARCH_PATHS = "";
				PRODUCT_BUNDLE_IDENTIFIER = "cn.songlong.Saber-Tool";
				PRODUCT_NAME = "$(TARGET_NAME)";
			};
			name = Release;
		};
/* End XCBuildConfiguration section */

/* Begin XCConfigurationList section */
		3BB17C331CC7638200024581 /* Build configuration list for PBXProject "Saber Tool" */ = {
			isa = XCConfigurationList;
			buildConfigurations = (
				3BB17C4D1CC7638200024581 /* Debug */,
				3BB17C4E1CC7638200024581 /* Release */,
			);
			defaultConfigurationIsVisible = 0;
			defaultConfigurationName = Release;
		};
		3BB17C4F1CC7638200024581 /* Build configuration list for PBXNativeTarget "Saber Tool" */ = {
			isa = XCConfigurationList;
			buildConfigurations = (
				3BB17C501CC7638200024581 /* Debug */,
				3BB17C511CC7638200024581 /* Release */,
			);
			defaultConfigurationIsVisible = 0;
			defaultConfigurationName = Release;
		};
/* End XCConfigurationList section */
	};
	rootObject = 3BB17C301CC7638200024581 /* Project object */;
}
